
Microsoft Visual Studio Solution File, Format Version 12.00
# Visual Studio Version 17
VisualStudioVersion = 17.0.31903.59
MinimumVisualStudioVersion = 10.0.40219.1
Project("{2150E333-8FDC-42A3-9474-1A3956D46DE8}") = "1_OzonJunWeekOne", "1_OzonJunWeekOne", "{ADC80E60-EA6C-4BB5-AFBA-67C15F2504D5}"
EndProject
Project("{2150E333-8FDC-42A3-9474-1A3956D46DE8}") = "Lesson-2", "Lesson-2", "{CA9C8370-3AD0-40CE-B0C8-69B415E7A274}"
EndProject
Project("{9A19103F-16F7-4668-BE54-9A1E7A4F7556}") = "Lesson-2", "1_OzonJunWeekOne\Lesson-2\Lesson-2\Lesson-2.csproj", "{DBD52663-B9DF-461D-9044-0DDCEEF427A2}"
EndProject
Project("{2150E333-8FDC-42A3-9474-1A3956D46DE8}") = "Workshop-1", "Workshop-1", "{B49B0982-2946-436C-8770-970748BFD79E}"
EndProject
Project("{9A19103F-16F7-4668-BE54-9A1E7A4F7556}") = "Workshop.Api", "1_OzonJunWeekOne\Workshop-1\src\Workshop.Api\Workshop.Api.csproj", "{40B2AE30-FA06-4F22-BF15-8371A10D1B53}"
EndProject
Project("{2150E333-8FDC-42A3-9474-1A3956D46DE8}") = "src", "src", "{DF367B8B-7285-4D5E-A3F6-9B9288C5BE47}"
EndProject
Project("{2150E333-8FDC-42A3-9474-1A3956D46DE8}") = "2_OzonJunWeekTwo", "2_OzonJunWeekTwo", "{31F61FF4-680B-458C-86A2-A807B184D9A5}"
EndProject
Project("{2150E333-8FDC-42A3-9474-1A3956D46DE8}") = "OzonJunWeek2_1", "OzonJunWeek2_1", "{796D5970-C69F-46C2-8D7E-DDE6AAE0C48D}"
EndProject
Project("{9A19103F-16F7-4668-BE54-9A1E7A4F7556}") = "Demo.WebApi.Net5", "2_OzonJunWeekTwo\OzonJunWeek2_1\Demo.WebApi.Net5\Demo.WebApi.Net5.csproj", "{04875C7E-8B14-4669-9783-D9589153650B}"
EndProject
Project("{9A19103F-16F7-4668-BE54-9A1E7A4F7556}") = "Demo1_1.Empty.Net5", "2_OzonJunWeekTwo\OzonJunWeek2_1\Demo1_1.Empty.Net5\Demo1_1.Empty.Net5.csproj", "{84D5F840-DBEC-4AE3-A888-0B9F26B8F217}"
EndProject
Project("{9A19103F-16F7-4668-BE54-9A1E7A4F7556}") = "WebApplication1", "2_OzonJunWeekTwo\OzonJunWeek2_1\WebApplication1\WebApplication1.csproj", "{F79547A4-2D62-42BC-A497-1285DEA2F339}"
EndProject
Project("{9A19103F-16F7-4668-BE54-9A1E7A4F7556}") = "WebApplication2", "2_OzonJunWeekTwo\OzonJunWeek2_1\WebApplication2\WebApplication2.csproj", "{AA00BA8B-0593-41F4-88CB-4C2F01C230EF}"
EndProject
Project("{9A19103F-16F7-4668-BE54-9A1E7A4F7556}") = "WebApplication3", "2_OzonJunWeekTwo\OzonJunWeek2_1\WebApplication3\WebApplication3.csproj", "{EEC90847-74E2-416C-9C61-44B82C6FF588}"
EndProject
Project("{2150E333-8FDC-42A3-9474-1A3956D46DE8}") = "OzonJunWeek2_2", "OzonJunWeek2_2", "{4BEED036-69BE-4B06-89A8-81D5CA734434}"
EndProject
Project("{9A19103F-16F7-4668-BE54-9A1E7A4F7556}") = "Route256_2_Demo", "2_OzonJunWeekTwo\OzonJunWeek2_2\Route256_2_Demo\Route256_2_Demo.csproj", "{8150C2F9-481D-4D39-AD41-5081F05E024A}"
EndProject
Project("{2150E333-8FDC-42A3-9474-1A3956D46DE8}") = "Workshop-2", "Workshop-2", "{EA87877E-60B3-4E74-AA4A-46B74E0FD8E2}"
EndProject
Project("{2150E333-8FDC-42A3-9474-1A3956D46DE8}") = "src", "src", "{46A0C1F2-06C8-436F-9460-23A2244A64F3}"
EndProject
Project("{9A19103F-16F7-4668-BE54-9A1E7A4F7556}") = "Workshop.Api", "2_OzonJunWeekTwo\Workshop-2\src\Workshop.Api\Workshop.Api.csproj", "{F037B706-D131-43AE-A93F-335BC48A9C7C}"
EndProject
Project("{2150E333-8FDC-42A3-9474-1A3956D46DE8}") = "3_OzonJunWeekThree", "3_OzonJunWeekThree", "{75260D87-443A-4414-9001-AB9272618DED}"
EndProject
Project("{2150E333-8FDC-42A3-9474-1A3956D46DE8}") = "OzonJunWeekThreeClearCode", "OzonJunWeekThreeClearCode", "{DBF8A933-504D-463C-A746-52D78168AC6F}"
EndProject
Project("{2150E333-8FDC-42A3-9474-1A3956D46DE8}") = "src", "src", "{B85DB71A-0A46-4EE9-A535-2D440765F0FE}"
EndProject
Project("{9A19103F-16F7-4668-BE54-9A1E7A4F7556}") = "Singleton", "3_OzonJunWeekThree\OzonJunWeekThreeClearCode\Singleton\Singleton.csproj", "{F3853E06-E632-4165-BEC5-F2344240177E}"
EndProject
Project("{2150E333-8FDC-42A3-9474-1A3956D46DE8}") = "OzonJunWeekThreeWorkshop", "OzonJunWeekThreeWorkshop", "{8DF66BD8-D9D1-48AD-A4F0-0221EB71D3BF}"
EndProject
Project("{2150E333-8FDC-42A3-9474-1A3956D46DE8}") = "src", "src", "{57B4F408-BE63-4D5C-A003-61F8F4583D06}"
EndProject
Project("{2150E333-8FDC-42A3-9474-1A3956D46DE8}") = "tests", "tests", "{DEADA8B3-9D13-48D8-A6B4-3BE4C5FF5A08}"
EndProject
Project("{9A19103F-16F7-4668-BE54-9A1E7A4F7556}") = "Homework.PriceCalculator.API", "3_OzonJunWeekThree\OzonJunWeekThreeWorkshop\Homework.PriceCalculator.API\Homework.PriceCalculator.API.csproj", "{44ACAB78-32AC-4F3B-BD66-EF5EF61D0A60}"
EndProject
Project("{9A19103F-16F7-4668-BE54-9A1E7A4F7556}") = "Homework.PriceCalculator.Domain", "3_OzonJunWeekThree\OzonJunWeekThreeWorkshop\Homework.PriceCalculator.Domain\Homework.PriceCalculator.Domain.csproj", "{44FB745C-F800-4290-BE61-08DCA55E66BA}"
EndProject
Project("{9A19103F-16F7-4668-BE54-9A1E7A4F7556}") = "Homework.PriceCalculator.Domain.DependencyInjection.Extensions", "3_OzonJunWeekThree\OzonJunWeekThreeWorkshop\Homework.PriceCalculator.Domain.DependencyInjection.Extensions\Homework.PriceCalculator.Domain.DependencyInjection.Extensions.csproj", "{EFE72A53-EB84-464D-BBB4-2956F49AF35B}"
EndProject
Project("{9A19103F-16F7-4668-BE54-9A1E7A4F7556}") = "Homework.PriceCalculator.Infrastructure", "3_OzonJunWeekThree\OzonJunWeekThreeWorkshop\Homework.PriceCalculator.Infrastructure\Homework.PriceCalculator.Infrastructure.csproj", "{51F5ADB5-7AD7-4C97-8BD1-75EADFDA6DBB}"
EndProject
Project("{9A19103F-16F7-4668-BE54-9A1E7A4F7556}") = "Homework.PriceCalculator.Domain.IntegrationTests", "3_OzonJunWeekThree\OzonJunWeekThreeWorkshop\tests\Homework.PriceCalculator.Domain.IntegrationTests\Homework.PriceCalculator.Domain.IntegrationTests.csproj", "{592E0932-6430-4EB5-B8EB-D2B40D51FD04}"
EndProject
Project("{9A19103F-16F7-4668-BE54-9A1E7A4F7556}") = "Homework.PriceCalculator.Domain.UnitTests", "3_OzonJunWeekThree\OzonJunWeekThreeWorkshop\tests\Homework.PriceCalculator.Domain.UnitTests\Homework.PriceCalculator.Domain.UnitTests.csproj", "{07EFAC19-3509-4D1D-806D-A278C1C08C8B}"
EndProject
Project("{2150E333-8FDC-42A3-9474-1A3956D46DE8}") = "4_OzonJunWeekFour", "4_OzonJunWeekFour", "{9F72E3A0-3B76-4027-96D5-A371D715D10B}"
EndProject
Project("{2150E333-8FDC-42A3-9474-1A3956D46DE8}") = "AsyncEx", "AsyncEx", "{67AC73E9-3AC1-490D-80F7-6FF7F54DEEEA}"
EndProject
Project("{9A19103F-16F7-4668-BE54-9A1E7A4F7556}") = "03_AsyncEAP", "4_OzonJunWeekFour\AsyncEx\03_AsyncEAP\03_AsyncEAP.csproj", "{C62C1498-9172-41AE-A386-36EDB328BA08}"
EndProject
Project("{9A19103F-16F7-4668-BE54-9A1E7A4F7556}") = "04_AdyncTAP", "4_OzonJunWeekFour\AsyncEx\04_AdyncTAP\04_AdyncTAP.csproj", "{6E6FAF12-139B-4C92-92BD-9897CA794C40}"
EndProject
Project("{9A19103F-16F7-4668-BE54-9A1E7A4F7556}") = "05_TaskScheduler", "4_OzonJunWeekFour\AsyncEx\05_TaskScheduler\05_TaskScheduler.csproj", "{76399A65-6DC2-403C-A674-630C910D8686}"
EndProject
Project("{9A19103F-16F7-4668-BE54-9A1E7A4F7556}") = "06_IAsyncEnumerable", "4_OzonJunWeekFour\AsyncEx\06_IAsyncEnumerable\06_IAsyncEnumerable.csproj", "{78EFF042-E088-48FB-BE5D-FD6A316E522C}"
EndProject
Project("{9A19103F-16F7-4668-BE54-9A1E7A4F7556}") = "07_Channel", "4_OzonJunWeekFour\AsyncEx\07_Channel\07_Channel.csproj", "{150C407C-8D76-4496-BB40-AEA408BFE8A1}"
EndProject
Project("{9A19103F-16F7-4668-BE54-9A1E7A4F7556}") = "08_ChannelBounded", "4_OzonJunWeekFour\AsyncEx\08_ChannelBounded\08_ChannelBounded.csproj", "{A40C11D3-E9DC-424A-9A68-3856438E2431}"
EndProject
Project("{9A19103F-16F7-4668-BE54-9A1E7A4F7556}") = "02_AsyncAPM", "4_OzonJunWeekFour\AsyncEx\AsyncAPM\02_AsyncAPM.csproj", "{65C22E30-843C-4C55-A4C4-C766C4036961}"
EndProject
Project("{9A19103F-16F7-4668-BE54-9A1E7A4F7556}") = "01_TaskEx", "4_OzonJunWeekFour\AsyncEx\TaskEx\01_TaskEx.csproj", "{00E030C0-6DE6-4876-AAE7-96142B71A31B}"
EndProject
Project("{9A19103F-16F7-4668-BE54-9A1E7A4F7556}") = "EventWaitHandleEx", "4_OzonJunWeekFour\Multithreading\EventWaitHandleEx\EventWaitHandleEx.csproj", "{FF8DCEDE-871F-4D65-9E94-9852B4EF579E}"
EndProject
Project("{2150E333-8FDC-42A3-9474-1A3956D46DE8}") = "Multithreading", "Multithreading", "{0F3BC8F5-ECFB-4FAF-9A17-DD9D93511CAF}"
EndProject
Project("{9A19103F-16F7-4668-BE54-9A1E7A4F7556}") = "09_LockEx", "4_OzonJunWeekFour\Multithreading\LockEx\09_LockEx.csproj", "{8AE1CA19-6A19-42B3-A1DE-27B8F7B977FA}"
EndProject
Project("{9A19103F-16F7-4668-BE54-9A1E7A4F7556}") = "ManualResetEventEx", "4_OzonJunWeekFour\Multithreading\ManualResetEventEx\ManualResetEventEx.csproj", "{A3899542-C38D-49FB-849A-15B73FB6F8A7}"
EndProject
Project("{9A19103F-16F7-4668-BE54-9A1E7A4F7556}") = "08_MutexEx", "4_OzonJunWeekFour\Multithreading\MutexEx\08_MutexEx.csproj", "{46EBA72C-2B67-44B7-9A70-D9860915777D}"
EndProject
Project("{9A19103F-16F7-4668-BE54-9A1E7A4F7556}") = "ParallelForEach", "4_OzonJunWeekFour\Multithreading\ParallelForEach\ParallelForEach.csproj", "{08111183-9294-4F95-A4A1-D6D866301434}"
EndProject
Project("{9A19103F-16F7-4668-BE54-9A1E7A4F7556}") = "ParallelTasks", "4_OzonJunWeekFour\Multithreading\ParallelTasks\ParallelTasks.csproj", "{31B699E9-FC9C-4C98-A09A-B01D60DA6728}"
EndProject
Project("{9A19103F-16F7-4668-BE54-9A1E7A4F7556}") = "SemaphoreEx", "4_OzonJunWeekFour\Multithreading\SemaphoreEx\SemaphoreEx.csproj", "{C7F99485-1E8D-4A24-B197-C80367E6E818}"
EndProject
Project("{9A19103F-16F7-4668-BE54-9A1E7A4F7556}") = "01_Thread1", "4_OzonJunWeekFour\Multithreading\Thread1\01_Thread1.csproj", "{762334F4-81D7-420A-ACD7-4D93C302B48A}"
EndProject
Project("{9A19103F-16F7-4668-BE54-9A1E7A4F7556}") = "02_ThreadPools", "4_OzonJunWeekFour\Multithreading\ThreadPools\02_ThreadPools.csproj", "{338A057A-BBC5-42E9-9F78-597FEDA186DE}"
EndProject
Project("{2150E333-8FDC-42A3-9474-1A3956D46DE8}") = "WFWorkshop", "WFWorkshop", "{9CF44701-B131-437E-BDF6-9CD6D59A2C4A}"
EndProject
Project("{2150E333-8FDC-42A3-9474-1A3956D46DE8}") = "5_OzonJunWeekFive", "5_OzonJunWeekFive", "{980CAF2C-CF99-4783-811E-2E082F8D0BFB}"
EndProject
Project("{2150E333-8FDC-42A3-9474-1A3956D46DE8}") = "Workshop", "Workshop", "{84189D62-F52F-4A01-8238-24F9341E6C6B}"
EndProject
Project("{FAE04EC0-301F-11D3-BF4B-00C04F79EFBC}") = "PriceCalculator.Api", "5_OzonJunWeekFive\Workshop\PriceCalculator.Api\PriceCalculator.Api.csproj", "{EDDCF4F4-DB88-4A7A-AE53-E4D519A14538}"
EndProject
Project("{FAE04EC0-301F-11D3-BF4B-00C04F79EFBC}") = "PriceCalculator.Bll", "5_OzonJunWeekFive\Workshop\PriceCalculator.Bll\PriceCalculator.Bll.csproj", "{52A692FE-4318-4C10-9BA4-A1EBF47CD976}"
EndProject
Project("{FAE04EC0-301F-11D3-BF4B-00C04F79EFBC}") = "PriceCalculator.Dal", "5_OzonJunWeekFive\Workshop\PriceCalculator.Dal\PriceCalculator.Dal.csproj", "{32C27E04-5AEF-419C-84CC-11A0ED894B64}"
EndProject
Project("{2150E333-8FDC-42A3-9474-1A3956D46DE8}") = "src", "src", "{12D98F13-BCB9-45D8-98FB-EDB3D15C4B76}"
EndProject
Project("{2150E333-8FDC-42A3-9474-1A3956D46DE8}") = "test", "test", "{CA3C21A5-47E3-4E35-8FF3-D2B62BD11E29}"
EndProject
Project("{FAE04EC0-301F-11D3-BF4B-00C04F79EFBC}") = "PriceCalculator.IntegrationTests", "5_OzonJunWeekFive\Workshop\PriceCalculator.IntegrationTests\PriceCalculator.IntegrationTests.csproj", "{439CDBA6-88C3-436B-85CD-2F679E8E00AF}"
EndProject
Project("{FAE04EC0-301F-11D3-BF4B-00C04F79EFBC}") = "PriceCalculator.TestingInfrastructure", "5_OzonJunWeekFive\Workshop\test\PriceCalculator.TestingInfrastructure\PriceCalculator.TestingInfrastructure.csproj", "{D2649420-E976-4C9F-8C98-828805444FCF}"
EndProject
Global
	GlobalSection(SolutionConfigurationPlatforms) = preSolution
		Debug|Any CPU = Debug|Any CPU
		Release|Any CPU = Release|Any CPU
	EndGlobalSection
	GlobalSection(ProjectConfigurationPlatforms) = postSolution
		{DBD52663-B9DF-461D-9044-0DDCEEF427A2}.Debug|Any CPU.ActiveCfg = Debug|Any CPU
		{DBD52663-B9DF-461D-9044-0DDCEEF427A2}.Debug|Any CPU.Build.0 = Debug|Any CPU
		{DBD52663-B9DF-461D-9044-0DDCEEF427A2}.Release|Any CPU.ActiveCfg = Release|Any CPU
		{DBD52663-B9DF-461D-9044-0DDCEEF427A2}.Release|Any CPU.Build.0 = Release|Any CPU
		{40B2AE30-FA06-4F22-BF15-8371A10D1B53}.Debug|Any CPU.ActiveCfg = Debug|Any CPU
		{40B2AE30-FA06-4F22-BF15-8371A10D1B53}.Debug|Any CPU.Build.0 = Debug|Any CPU
		{40B2AE30-FA06-4F22-BF15-8371A10D1B53}.Release|Any CPU.ActiveCfg = Release|Any CPU
		{40B2AE30-FA06-4F22-BF15-8371A10D1B53}.Release|Any CPU.Build.0 = Release|Any CPU
		{04875C7E-8B14-4669-9783-D9589153650B}.Debug|Any CPU.ActiveCfg = Debug|Any CPU
		{04875C7E-8B14-4669-9783-D9589153650B}.Debug|Any CPU.Build.0 = Debug|Any CPU
		{04875C7E-8B14-4669-9783-D9589153650B}.Release|Any CPU.ActiveCfg = Release|Any CPU
		{04875C7E-8B14-4669-9783-D9589153650B}.Release|Any CPU.Build.0 = Release|Any CPU
		{84D5F840-DBEC-4AE3-A888-0B9F26B8F217}.Debug|Any CPU.ActiveCfg = Debug|Any CPU
		{84D5F840-DBEC-4AE3-A888-0B9F26B8F217}.Debug|Any CPU.Build.0 = Debug|Any CPU
		{84D5F840-DBEC-4AE3-A888-0B9F26B8F217}.Release|Any CPU.ActiveCfg = Release|Any CPU
		{84D5F840-DBEC-4AE3-A888-0B9F26B8F217}.Release|Any CPU.Build.0 = Release|Any CPU
		{F79547A4-2D62-42BC-A497-1285DEA2F339}.Debug|Any CPU.ActiveCfg = Debug|Any CPU
		{F79547A4-2D62-42BC-A497-1285DEA2F339}.Debug|Any CPU.Build.0 = Debug|Any CPU
		{F79547A4-2D62-42BC-A497-1285DEA2F339}.Release|Any CPU.ActiveCfg = Release|Any CPU
		{F79547A4-2D62-42BC-A497-1285DEA2F339}.Release|Any CPU.Build.0 = Release|Any CPU
		{AA00BA8B-0593-41F4-88CB-4C2F01C230EF}.Debug|Any CPU.ActiveCfg = Debug|Any CPU
		{AA00BA8B-0593-41F4-88CB-4C2F01C230EF}.Debug|Any CPU.Build.0 = Debug|Any CPU
		{AA00BA8B-0593-41F4-88CB-4C2F01C230EF}.Release|Any CPU.ActiveCfg = Release|Any CPU
		{AA00BA8B-0593-41F4-88CB-4C2F01C230EF}.Release|Any CPU.Build.0 = Release|Any CPU
		{EEC90847-74E2-416C-9C61-44B82C6FF588}.Debug|Any CPU.ActiveCfg = Debug|Any CPU
		{EEC90847-74E2-416C-9C61-44B82C6FF588}.Debug|Any CPU.Build.0 = Debug|Any CPU
		{EEC90847-74E2-416C-9C61-44B82C6FF588}.Release|Any CPU.ActiveCfg = Release|Any CPU
		{EEC90847-74E2-416C-9C61-44B82C6FF588}.Release|Any CPU.Build.0 = Release|Any CPU
		{8150C2F9-481D-4D39-AD41-5081F05E024A}.Debug|Any CPU.ActiveCfg = Debug|Any CPU
		{8150C2F9-481D-4D39-AD41-5081F05E024A}.Debug|Any CPU.Build.0 = Debug|Any CPU
		{8150C2F9-481D-4D39-AD41-5081F05E024A}.Release|Any CPU.ActiveCfg = Release|Any CPU
		{8150C2F9-481D-4D39-AD41-5081F05E024A}.Release|Any CPU.Build.0 = Release|Any CPU
		{F037B706-D131-43AE-A93F-335BC48A9C7C}.Debug|Any CPU.ActiveCfg = Debug|Any CPU
		{F037B706-D131-43AE-A93F-335BC48A9C7C}.Debug|Any CPU.Build.0 = Debug|Any CPU
		{F037B706-D131-43AE-A93F-335BC48A9C7C}.Release|Any CPU.ActiveCfg = Release|Any CPU
		{F037B706-D131-43AE-A93F-335BC48A9C7C}.Release|Any CPU.Build.0 = Release|Any CPU
		{F3853E06-E632-4165-BEC5-F2344240177E}.Debug|Any CPU.ActiveCfg = Debug|Any CPU
		{F3853E06-E632-4165-BEC5-F2344240177E}.Debug|Any CPU.Build.0 = Debug|Any CPU
		{F3853E06-E632-4165-BEC5-F2344240177E}.Release|Any CPU.ActiveCfg = Release|Any CPU
		{F3853E06-E632-4165-BEC5-F2344240177E}.Release|Any CPU.Build.0 = Release|Any CPU
		{44ACAB78-32AC-4F3B-BD66-EF5EF61D0A60}.Debug|Any CPU.ActiveCfg = Debug|Any CPU
		{44ACAB78-32AC-4F3B-BD66-EF5EF61D0A60}.Debug|Any CPU.Build.0 = Debug|Any CPU
		{44ACAB78-32AC-4F3B-BD66-EF5EF61D0A60}.Release|Any CPU.ActiveCfg = Release|Any CPU
		{44ACAB78-32AC-4F3B-BD66-EF5EF61D0A60}.Release|Any CPU.Build.0 = Release|Any CPU
		{44FB745C-F800-4290-BE61-08DCA55E66BA}.Debug|Any CPU.ActiveCfg = Debug|Any CPU
		{44FB745C-F800-4290-BE61-08DCA55E66BA}.Debug|Any CPU.Build.0 = Debug|Any CPU
		{44FB745C-F800-4290-BE61-08DCA55E66BA}.Release|Any CPU.ActiveCfg = Release|Any CPU
		{44FB745C-F800-4290-BE61-08DCA55E66BA}.Release|Any CPU.Build.0 = Release|Any CPU
		{EFE72A53-EB84-464D-BBB4-2956F49AF35B}.Debug|Any CPU.ActiveCfg = Debug|Any CPU
		{EFE72A53-EB84-464D-BBB4-2956F49AF35B}.Debug|Any CPU.Build.0 = Debug|Any CPU
		{EFE72A53-EB84-464D-BBB4-2956F49AF35B}.Release|Any CPU.ActiveCfg = Release|Any CPU
		{EFE72A53-EB84-464D-BBB4-2956F49AF35B}.Release|Any CPU.Build.0 = Release|Any CPU
		{51F5ADB5-7AD7-4C97-8BD1-75EADFDA6DBB}.Debug|Any CPU.ActiveCfg = Debug|Any CPU
		{51F5ADB5-7AD7-4C97-8BD1-75EADFDA6DBB}.Debug|Any CPU.Build.0 = Debug|Any CPU
		{51F5ADB5-7AD7-4C97-8BD1-75EADFDA6DBB}.Release|Any CPU.ActiveCfg = Release|Any CPU
		{51F5ADB5-7AD7-4C97-8BD1-75EADFDA6DBB}.Release|Any CPU.Build.0 = Release|Any CPU
		{592E0932-6430-4EB5-B8EB-D2B40D51FD04}.Debug|Any CPU.ActiveCfg = Debug|Any CPU
		{592E0932-6430-4EB5-B8EB-D2B40D51FD04}.Debug|Any CPU.Build.0 = Debug|Any CPU
		{592E0932-6430-4EB5-B8EB-D2B40D51FD04}.Release|Any CPU.ActiveCfg = Release|Any CPU
		{592E0932-6430-4EB5-B8EB-D2B40D51FD04}.Release|Any CPU.Build.0 = Release|Any CPU
		{07EFAC19-3509-4D1D-806D-A278C1C08C8B}.Debug|Any CPU.ActiveCfg = Debug|Any CPU
		{07EFAC19-3509-4D1D-806D-A278C1C08C8B}.Debug|Any CPU.Build.0 = Debug|Any CPU
		{07EFAC19-3509-4D1D-806D-A278C1C08C8B}.Release|Any CPU.ActiveCfg = Release|Any CPU
		{07EFAC19-3509-4D1D-806D-A278C1C08C8B}.Release|Any CPU.Build.0 = Release|Any CPU
		{C62C1498-9172-41AE-A386-36EDB328BA08}.Debug|Any CPU.ActiveCfg = Debug|Any CPU
		{C62C1498-9172-41AE-A386-36EDB328BA08}.Debug|Any CPU.Build.0 = Debug|Any CPU
		{C62C1498-9172-41AE-A386-36EDB328BA08}.Release|Any CPU.ActiveCfg = Release|Any CPU
		{C62C1498-9172-41AE-A386-36EDB328BA08}.Release|Any CPU.Build.0 = Release|Any CPU
		{6E6FAF12-139B-4C92-92BD-9897CA794C40}.Debug|Any CPU.ActiveCfg = Debug|Any CPU
		{6E6FAF12-139B-4C92-92BD-9897CA794C40}.Debug|Any CPU.Build.0 = Debug|Any CPU
		{6E6FAF12-139B-4C92-92BD-9897CA794C40}.Release|Any CPU.ActiveCfg = Release|Any CPU
		{6E6FAF12-139B-4C92-92BD-9897CA794C40}.Release|Any CPU.Build.0 = Release|Any CPU
		{76399A65-6DC2-403C-A674-630C910D8686}.Debug|Any CPU.ActiveCfg = Debug|Any CPU
		{76399A65-6DC2-403C-A674-630C910D8686}.Debug|Any CPU.Build.0 = Debug|Any CPU
		{76399A65-6DC2-403C-A674-630C910D8686}.Release|Any CPU.ActiveCfg = Release|Any CPU
		{76399A65-6DC2-403C-A674-630C910D8686}.Release|Any CPU.Build.0 = Release|Any CPU
		{78EFF042-E088-48FB-BE5D-FD6A316E522C}.Debug|Any CPU.ActiveCfg = Debug|Any CPU
		{78EFF042-E088-48FB-BE5D-FD6A316E522C}.Debug|Any CPU.Build.0 = Debug|Any CPU
		{78EFF042-E088-48FB-BE5D-FD6A316E522C}.Release|Any CPU.ActiveCfg = Release|Any CPU
		{78EFF042-E088-48FB-BE5D-FD6A316E522C}.Release|Any CPU.Build.0 = Release|Any CPU
		{150C407C-8D76-4496-BB40-AEA408BFE8A1}.Debug|Any CPU.ActiveCfg = Debug|Any CPU
		{150C407C-8D76-4496-BB40-AEA408BFE8A1}.Debug|Any CPU.Build.0 = Debug|Any CPU
		{150C407C-8D76-4496-BB40-AEA408BFE8A1}.Release|Any CPU.ActiveCfg = Release|Any CPU
		{150C407C-8D76-4496-BB40-AEA408BFE8A1}.Release|Any CPU.Build.0 = Release|Any CPU
		{A40C11D3-E9DC-424A-9A68-3856438E2431}.Debug|Any CPU.ActiveCfg = Debug|Any CPU
		{A40C11D3-E9DC-424A-9A68-3856438E2431}.Debug|Any CPU.Build.0 = Debug|Any CPU
		{A40C11D3-E9DC-424A-9A68-3856438E2431}.Release|Any CPU.ActiveCfg = Release|Any CPU
		{A40C11D3-E9DC-424A-9A68-3856438E2431}.Release|Any CPU.Build.0 = Release|Any CPU
		{65C22E30-843C-4C55-A4C4-C766C4036961}.Debug|Any CPU.ActiveCfg = Debug|Any CPU
		{65C22E30-843C-4C55-A4C4-C766C4036961}.Debug|Any CPU.Build.0 = Debug|Any CPU
		{65C22E30-843C-4C55-A4C4-C766C4036961}.Release|Any CPU.ActiveCfg = Release|Any CPU
		{65C22E30-843C-4C55-A4C4-C766C4036961}.Release|Any CPU.Build.0 = Release|Any CPU
		{00E030C0-6DE6-4876-AAE7-96142B71A31B}.Debug|Any CPU.ActiveCfg = Debug|Any CPU
		{00E030C0-6DE6-4876-AAE7-96142B71A31B}.Debug|Any CPU.Build.0 = Debug|Any CPU
		{00E030C0-6DE6-4876-AAE7-96142B71A31B}.Release|Any CPU.ActiveCfg = Release|Any CPU
		{00E030C0-6DE6-4876-AAE7-96142B71A31B}.Release|Any CPU.Build.0 = Release|Any CPU
		{FF8DCEDE-871F-4D65-9E94-9852B4EF579E}.Debug|Any CPU.ActiveCfg = Debug|Any CPU
		{FF8DCEDE-871F-4D65-9E94-9852B4EF579E}.Debug|Any CPU.Build.0 = Debug|Any CPU
		{FF8DCEDE-871F-4D65-9E94-9852B4EF579E}.Release|Any CPU.ActiveCfg = Release|Any CPU
		{FF8DCEDE-871F-4D65-9E94-9852B4EF579E}.Release|Any CPU.Build.0 = Release|Any CPU
		{8AE1CA19-6A19-42B3-A1DE-27B8F7B977FA}.Debug|Any CPU.ActiveCfg = Debug|Any CPU
		{8AE1CA19-6A19-42B3-A1DE-27B8F7B977FA}.Debug|Any CPU.Build.0 = Debug|Any CPU
		{8AE1CA19-6A19-42B3-A1DE-27B8F7B977FA}.Release|Any CPU.ActiveCfg = Release|Any CPU
		{8AE1CA19-6A19-42B3-A1DE-27B8F7B977FA}.Release|Any CPU.Build.0 = Release|Any CPU
		{A3899542-C38D-49FB-849A-15B73FB6F8A7}.Debug|Any CPU.ActiveCfg = Debug|Any CPU
		{A3899542-C38D-49FB-849A-15B73FB6F8A7}.Debug|Any CPU.Build.0 = Debug|Any CPU
		{A3899542-C38D-49FB-849A-15B73FB6F8A7}.Release|Any CPU.ActiveCfg = Release|Any CPU
		{A3899542-C38D-49FB-849A-15B73FB6F8A7}.Release|Any CPU.Build.0 = Release|Any CPU
		{46EBA72C-2B67-44B7-9A70-D9860915777D}.Debug|Any CPU.ActiveCfg = Debug|Any CPU
		{46EBA72C-2B67-44B7-9A70-D9860915777D}.Debug|Any CPU.Build.0 = Debug|Any CPU
		{46EBA72C-2B67-44B7-9A70-D9860915777D}.Release|Any CPU.ActiveCfg = Release|Any CPU
		{46EBA72C-2B67-44B7-9A70-D9860915777D}.Release|Any CPU.Build.0 = Release|Any CPU
		{08111183-9294-4F95-A4A1-D6D866301434}.Debug|Any CPU.ActiveCfg = Debug|Any CPU
		{08111183-9294-4F95-A4A1-D6D866301434}.Debug|Any CPU.Build.0 = Debug|Any CPU
		{08111183-9294-4F95-A4A1-D6D866301434}.Release|Any CPU.ActiveCfg = Release|Any CPU
		{08111183-9294-4F95-A4A1-D6D866301434}.Release|Any CPU.Build.0 = Release|Any CPU
		{31B699E9-FC9C-4C98-A09A-B01D60DA6728}.Debug|Any CPU.ActiveCfg = Debug|Any CPU
		{31B699E9-FC9C-4C98-A09A-B01D60DA6728}.Debug|Any CPU.Build.0 = Debug|Any CPU
		{31B699E9-FC9C-4C98-A09A-B01D60DA6728}.Release|Any CPU.ActiveCfg = Release|Any CPU
		{31B699E9-FC9C-4C98-A09A-B01D60DA6728}.Release|Any CPU.Build.0 = Release|Any CPU
		{C7F99485-1E8D-4A24-B197-C80367E6E818}.Debug|Any CPU.ActiveCfg = Debug|Any CPU
		{C7F99485-1E8D-4A24-B197-C80367E6E818}.Debug|Any CPU.Build.0 = Debug|Any CPU
		{C7F99485-1E8D-4A24-B197-C80367E6E818}.Release|Any CPU.ActiveCfg = Release|Any CPU
		{C7F99485-1E8D-4A24-B197-C80367E6E818}.Release|Any CPU.Build.0 = Release|Any CPU
		{762334F4-81D7-420A-ACD7-4D93C302B48A}.Debug|Any CPU.ActiveCfg = Debug|Any CPU
		{762334F4-81D7-420A-ACD7-4D93C302B48A}.Debug|Any CPU.Build.0 = Debug|Any CPU
		{762334F4-81D7-420A-ACD7-4D93C302B48A}.Release|Any CPU.ActiveCfg = Release|Any CPU
		{762334F4-81D7-420A-ACD7-4D93C302B48A}.Release|Any CPU.Build.0 = Release|Any CPU
		{338A057A-BBC5-42E9-9F78-597FEDA186DE}.Debug|Any CPU.ActiveCfg = Debug|Any CPU
		{338A057A-BBC5-42E9-9F78-597FEDA186DE}.Debug|Any CPU.Build.0 = Debug|Any CPU
		{338A057A-BBC5-42E9-9F78-597FEDA186DE}.Release|Any CPU.ActiveCfg = Release|Any CPU
		{338A057A-BBC5-42E9-9F78-597FEDA186DE}.Release|Any CPU.Build.0 = Release|Any CPU
		{EDDCF4F4-DB88-4A7A-AE53-E4D519A14538}.Debug|Any CPU.ActiveCfg = Debug|Any CPU
		{EDDCF4F4-DB88-4A7A-AE53-E4D519A14538}.Debug|Any CPU.Build.0 = Debug|Any CPU
		{EDDCF4F4-DB88-4A7A-AE53-E4D519A14538}.Release|Any CPU.ActiveCfg = Release|Any CPU
		{EDDCF4F4-DB88-4A7A-AE53-E4D519A14538}.Release|Any CPU.Build.0 = Release|Any CPU
		{52A692FE-4318-4C10-9BA4-A1EBF47CD976}.Debug|Any CPU.ActiveCfg = Debug|Any CPU
		{52A692FE-4318-4C10-9BA4-A1EBF47CD976}.Debug|Any CPU.Build.0 = Debug|Any CPU
		{52A692FE-4318-4C10-9BA4-A1EBF47CD976}.Release|Any CPU.ActiveCfg = Release|Any CPU
		{52A692FE-4318-4C10-9BA4-A1EBF47CD976}.Release|Any CPU.Build.0 = Release|Any CPU
		{32C27E04-5AEF-419C-84CC-11A0ED894B64}.Debug|Any CPU.ActiveCfg = Debug|Any CPU
		{32C27E04-5AEF-419C-84CC-11A0ED894B64}.Debug|Any CPU.Build.0 = Debug|Any CPU
		{32C27E04-5AEF-419C-84CC-11A0ED894B64}.Release|Any CPU.ActiveCfg = Release|Any CPU
		{32C27E04-5AEF-419C-84CC-11A0ED894B64}.Release|Any CPU.Build.0 = Release|Any CPU
		{439CDBA6-88C3-436B-85CD-2F679E8E00AF}.Debug|Any CPU.ActiveCfg = Debug|Any CPU
		{439CDBA6-88C3-436B-85CD-2F679E8E00AF}.Debug|Any CPU.Build.0 = Debug|Any CPU
		{439CDBA6-88C3-436B-85CD-2F679E8E00AF}.Release|Any CPU.ActiveCfg = Release|Any CPU
		{439CDBA6-88C3-436B-85CD-2F679E8E00AF}.Release|Any CPU.Build.0 = Release|Any CPU
		{D2649420-E976-4C9F-8C98-828805444FCF}.Debug|Any CPU.ActiveCfg = Debug|Any CPU
		{D2649420-E976-4C9F-8C98-828805444FCF}.Debug|Any CPU.Build.0 = Debug|Any CPU
		{D2649420-E976-4C9F-8C98-828805444FCF}.Release|Any CPU.ActiveCfg = Release|Any CPU
		{D2649420-E976-4C9F-8C98-828805444FCF}.Release|Any CPU.Build.0 = Release|Any CPU
	EndGlobalSection
	GlobalSection(SolutionProperties) = preSolution
		HideSolutionNode = FALSE
	EndGlobalSection
	GlobalSection(NestedProjects) = preSolution
		{CA9C8370-3AD0-40CE-B0C8-69B415E7A274} = {ADC80E60-EA6C-4BB5-AFBA-67C15F2504D5}
		{DBD52663-B9DF-461D-9044-0DDCEEF427A2} = {CA9C8370-3AD0-40CE-B0C8-69B415E7A274}
		{B49B0982-2946-436C-8770-970748BFD79E} = {ADC80E60-EA6C-4BB5-AFBA-67C15F2504D5}
		{40B2AE30-FA06-4F22-BF15-8371A10D1B53} = {DF367B8B-7285-4D5E-A3F6-9B9288C5BE47}
		{DF367B8B-7285-4D5E-A3F6-9B9288C5BE47} = {B49B0982-2946-436C-8770-970748BFD79E}
		{796D5970-C69F-46C2-8D7E-DDE6AAE0C48D} = {31F61FF4-680B-458C-86A2-A807B184D9A5}
		{04875C7E-8B14-4669-9783-D9589153650B} = {796D5970-C69F-46C2-8D7E-DDE6AAE0C48D}
		{84D5F840-DBEC-4AE3-A888-0B9F26B8F217} = {796D5970-C69F-46C2-8D7E-DDE6AAE0C48D}
		{F79547A4-2D62-42BC-A497-1285DEA2F339} = {796D5970-C69F-46C2-8D7E-DDE6AAE0C48D}
		{AA00BA8B-0593-41F4-88CB-4C2F01C230EF} = {796D5970-C69F-46C2-8D7E-DDE6AAE0C48D}
		{EEC90847-74E2-416C-9C61-44B82C6FF588} = {796D5970-C69F-46C2-8D7E-DDE6AAE0C48D}
		{4BEED036-69BE-4B06-89A8-81D5CA734434} = {31F61FF4-680B-458C-86A2-A807B184D9A5}
		{8150C2F9-481D-4D39-AD41-5081F05E024A} = {4BEED036-69BE-4B06-89A8-81D5CA734434}
		{EA87877E-60B3-4E74-AA4A-46B74E0FD8E2} = {31F61FF4-680B-458C-86A2-A807B184D9A5}
		{46A0C1F2-06C8-436F-9460-23A2244A64F3} = {EA87877E-60B3-4E74-AA4A-46B74E0FD8E2}
		{F037B706-D131-43AE-A93F-335BC48A9C7C} = {46A0C1F2-06C8-436F-9460-23A2244A64F3}
		{DBF8A933-504D-463C-A746-52D78168AC6F} = {75260D87-443A-4414-9001-AB9272618DED}
		{B85DB71A-0A46-4EE9-A535-2D440765F0FE} = {DBF8A933-504D-463C-A746-52D78168AC6F}
		{F3853E06-E632-4165-BEC5-F2344240177E} = {B85DB71A-0A46-4EE9-A535-2D440765F0FE}
		{8DF66BD8-D9D1-48AD-A4F0-0221EB71D3BF} = {75260D87-443A-4414-9001-AB9272618DED}
		{57B4F408-BE63-4D5C-A003-61F8F4583D06} = {8DF66BD8-D9D1-48AD-A4F0-0221EB71D3BF}
		{DEADA8B3-9D13-48D8-A6B4-3BE4C5FF5A08} = {8DF66BD8-D9D1-48AD-A4F0-0221EB71D3BF}
		{44ACAB78-32AC-4F3B-BD66-EF5EF61D0A60} = {57B4F408-BE63-4D5C-A003-61F8F4583D06}
		{44FB745C-F800-4290-BE61-08DCA55E66BA} = {57B4F408-BE63-4D5C-A003-61F8F4583D06}
		{EFE72A53-EB84-464D-BBB4-2956F49AF35B} = {57B4F408-BE63-4D5C-A003-61F8F4583D06}
		{51F5ADB5-7AD7-4C97-8BD1-75EADFDA6DBB} = {57B4F408-BE63-4D5C-A003-61F8F4583D06}
		{592E0932-6430-4EB5-B8EB-D2B40D51FD04} = {DEADA8B3-9D13-48D8-A6B4-3BE4C5FF5A08}
		{07EFAC19-3509-4D1D-806D-A278C1C08C8B} = {DEADA8B3-9D13-48D8-A6B4-3BE4C5FF5A08}
		{67AC73E9-3AC1-490D-80F7-6FF7F54DEEEA} = {9F72E3A0-3B76-4027-96D5-A371D715D10B}
		{C62C1498-9172-41AE-A386-36EDB328BA08} = {67AC73E9-3AC1-490D-80F7-6FF7F54DEEEA}
		{6E6FAF12-139B-4C92-92BD-9897CA794C40} = {67AC73E9-3AC1-490D-80F7-6FF7F54DEEEA}
		{76399A65-6DC2-403C-A674-630C910D8686} = {67AC73E9-3AC1-490D-80F7-6FF7F54DEEEA}
		{78EFF042-E088-48FB-BE5D-FD6A316E522C} = {67AC73E9-3AC1-490D-80F7-6FF7F54DEEEA}
		{150C407C-8D76-4496-BB40-AEA408BFE8A1} = {67AC73E9-3AC1-490D-80F7-6FF7F54DEEEA}
		{A40C11D3-E9DC-424A-9A68-3856438E2431} = {67AC73E9-3AC1-490D-80F7-6FF7F54DEEEA}
		{65C22E30-843C-4C55-A4C4-C766C4036961} = {67AC73E9-3AC1-490D-80F7-6FF7F54DEEEA}
		{00E030C0-6DE6-4876-AAE7-96142B71A31B} = {67AC73E9-3AC1-490D-80F7-6FF7F54DEEEA}
		{FF8DCEDE-871F-4D65-9E94-9852B4EF579E} = {0F3BC8F5-ECFB-4FAF-9A17-DD9D93511CAF}
		{0F3BC8F5-ECFB-4FAF-9A17-DD9D93511CAF} = {9F72E3A0-3B76-4027-96D5-A371D715D10B}
		{8AE1CA19-6A19-42B3-A1DE-27B8F7B977FA} = {0F3BC8F5-ECFB-4FAF-9A17-DD9D93511CAF}
		{A3899542-C38D-49FB-849A-15B73FB6F8A7} = {0F3BC8F5-ECFB-4FAF-9A17-DD9D93511CAF}
		{46EBA72C-2B67-44B7-9A70-D9860915777D} = {0F3BC8F5-ECFB-4FAF-9A17-DD9D93511CAF}
		{08111183-9294-4F95-A4A1-D6D866301434} = {0F3BC8F5-ECFB-4FAF-9A17-DD9D93511CAF}
		{31B699E9-FC9C-4C98-A09A-B01D60DA6728} = {0F3BC8F5-ECFB-4FAF-9A17-DD9D93511CAF}
		{C7F99485-1E8D-4A24-B197-C80367E6E818} = {0F3BC8F5-ECFB-4FAF-9A17-DD9D93511CAF}
		{762334F4-81D7-420A-ACD7-4D93C302B48A} = {0F3BC8F5-ECFB-4FAF-9A17-DD9D93511CAF}
		{338A057A-BBC5-42E9-9F78-597FEDA186DE} = {0F3BC8F5-ECFB-4FAF-9A17-DD9D93511CAF}
		{9CF44701-B131-437E-BDF6-9CD6D59A2C4A} = {9F72E3A0-3B76-4027-96D5-A371D715D10B}
		{84189D62-F52F-4A01-8238-24F9341E6C6B} = {980CAF2C-CF99-4783-811E-2E082F8D0BFB}
		{12D98F13-BCB9-45D8-98FB-EDB3D15C4B76} = {84189D62-F52F-4A01-8238-24F9341E6C6B}
		{EDDCF4F4-DB88-4A7A-AE53-E4D519A14538} = {12D98F13-BCB9-45D8-98FB-EDB3D15C4B76}
		{52A692FE-4318-4C10-9BA4-A1EBF47CD976} = {12D98F13-BCB9-45D8-98FB-EDB3D15C4B76}
		{32C27E04-5AEF-419C-84CC-11A0ED894B64} = {12D98F13-BCB9-45D8-98FB-EDB3D15C4B76}
		{CA3C21A5-47E3-4E35-8FF3-D2B62BD11E29} = {84189D62-F52F-4A01-8238-24F9341E6C6B}
		{439CDBA6-88C3-436B-85CD-2F679E8E00AF} = {CA3C21A5-47E3-4E35-8FF3-D2B62BD11E29}
		{D2649420-E976-4C9F-8C98-828805444FCF} = {CA3C21A5-47E3-4E35-8FF3-D2B62BD11E29}
	EndGlobalSection
	GlobalSection(ExtensibilityGlobals) = postSolution
		SolutionGuid = {F33253C0-09C2-4BD7-8D47-48BF8988374B}
	EndGlobalSection
EndGlobal
